
Microsoft Visual Studio Solution File, Format Version 12.00
# Visual Studio 2012
Project("{FAE04EC0-301F-11D3-BF4B-00C04F79EFBC}") = "Launchpad", "src\Launchpad\Launchpad.csproj", "{C93B6254-CDE3-4619-B386-29E1BF5E2BE5}"
EndProject
Project("{FAE04EC0-301F-11D3-BF4B-00C04F79EFBC}") = "Updater", "src\Updater\Updater.csproj", "{F81EFCE4-C491-40C1-8E8C-27965BA89FB2}"
EndProject
Project("{FAE04EC0-301F-11D3-BF4B-00C04F79EFBC}") = "UpdaterCore", "src\UpdaterCore\UpdaterCore.csproj", "{4FBB9DDC-6E2F-4092-A679-E4B6574E7697}"
EndProject
Project("{FAE04EC0-301F-11D3-BF4B-00C04F79EFBC}") = "Merger", "src\Merger\Merger.csproj", "{76D77D8B-01D4-48E2-896D-E5E9D217FDCA}"
EndProject
Project("{FAE04EC0-301F-11D3-BF4B-00C04F79EFBC}") = "UpdatePacker", "src\UpdatePacker\UpdatePacker.csproj", "{C636A1C0-50BF-4224-AAD4-F2283C8F4558}"
	ProjectSection(ProjectDependencies) = postProject
		{76D77D8B-01D4-48E2-896D-E5E9D217FDCA} = {76D77D8B-01D4-48E2-896D-E5E9D217FDCA}
	EndProjectSection
EndProject
Project("{2150E333-8FDC-42A3-9474-1A3956D46DE8}") = "Solution Items", "Solution Items", "{AFD383EE-2538-4750-AB4C-03A00787CE7D}"
EndProject
Project("{FAE04EC0-301F-11D3-BF4B-00C04F79EFBC}") = "InstallerCreator", "src\InstallerCreator\InstallerCreator.csproj", "{6F443870-9519-4B25-8C0A-2C3F7C4056CE}"
EndProject
Global
	GlobalSection(SolutionConfigurationPlatforms) = preSolution
		Debug|Any CPU = Debug|Any CPU
		Debug|Mixed Platforms = Debug|Mixed Platforms
		Debug|x86 = Debug|x86
		Release|Any CPU = Release|Any CPU
		Release|Mixed Platforms = Release|Mixed Platforms
		Release|x86 = Release|x86
	EndGlobalSection
	GlobalSection(ProjectConfigurationPlatforms) = postSolution
		{C93B6254-CDE3-4619-B386-29E1BF5E2BE5}.Debug|Any CPU.ActiveCfg = Debug|x86
		{C93B6254-CDE3-4619-B386-29E1BF5E2BE5}.Debug|Any CPU.Build.0 = Debug|x86
		{C93B6254-CDE3-4619-B386-29E1BF5E2BE5}.Debug|Mixed Platforms.ActiveCfg = Debug|x86
		{C93B6254-CDE3-4619-B386-29E1BF5E2BE5}.Debug|Mixed Platforms.Build.0 = Debug|x86
		{C93B6254-CDE3-4619-B386-29E1BF5E2BE5}.Debug|Mixed Platforms.Deploy.0 = Debug|x86
		{C93B6254-CDE3-4619-B386-29E1BF5E2BE5}.Debug|x86.ActiveCfg = Debug|x86
		{C93B6254-CDE3-4619-B386-29E1BF5E2BE5}.Debug|x86.Build.0 = Debug|x86
		{C93B6254-CDE3-4619-B386-29E1BF5E2BE5}.Release|Any CPU.ActiveCfg = Release|x86
		{C93B6254-CDE3-4619-B386-29E1BF5E2BE5}.Release|Mixed Platforms.ActiveCfg = Release|x86
		{C93B6254-CDE3-4619-B386-29E1BF5E2BE5}.Release|Mixed Platforms.Build.0 = Release|x86
		{C93B6254-CDE3-4619-B386-29E1BF5E2BE5}.Release|x86.ActiveCfg = Release|x86
		{C93B6254-CDE3-4619-B386-29E1BF5E2BE5}.Release|x86.Build.0 = Release|x86
		{F81EFCE4-C491-40C1-8E8C-27965BA89FB2}.Debug|Any CPU.ActiveCfg = Debug|x86
		{F81EFCE4-C491-40C1-8E8C-27965BA89FB2}.Debug|Any CPU.Build.0 = Debug|x86
		{F81EFCE4-C491-40C1-8E8C-27965BA89FB2}.Debug|Mixed Platforms.ActiveCfg = Debug|x86
		{F81EFCE4-C491-40C1-8E8C-27965BA89FB2}.Debug|Mixed Platforms.Build.0 = Debug|x86
		{F81EFCE4-C491-40C1-8E8C-27965BA89FB2}.Debug|x86.ActiveCfg = Debug|x86
		{F81EFCE4-C491-40C1-8E8C-27965BA89FB2}.Debug|x86.Build.0 = Debug|x86
		{F81EFCE4-C491-40C1-8E8C-27965BA89FB2}.Release|Any CPU.ActiveCfg = Release|x86
		{F81EFCE4-C491-40C1-8E8C-27965BA89FB2}.Release|Mixed Platforms.ActiveCfg = Release|x86
		{F81EFCE4-C491-40C1-8E8C-27965BA89FB2}.Release|Mixed Platforms.Build.0 = Release|x86
		{F81EFCE4-C491-40C1-8E8C-27965BA89FB2}.Release|x86.ActiveCfg = Release|x86
		{F81EFCE4-C491-40C1-8E8C-27965BA89FB2}.Release|x86.Build.0 = Release|x86
		{4FBB9DDC-6E2F-4092-A679-E4B6574E7697}.Debug|Any CPU.ActiveCfg = Debug|x86
		{4FBB9DDC-6E2F-4092-A679-E4B6574E7697}.Debug|Any CPU.Build.0 = Debug|x86
		{4FBB9DDC-6E2F-4092-A679-E4B6574E7697}.Debug|Mixed Platforms.ActiveCfg = Debug|x86
		{4FBB9DDC-6E2F-4092-A679-E4B6574E7697}.Debug|Mixed Platforms.Build.0 = Debug|x86
		{4FBB9DDC-6E2F-4092-A679-E4B6574E7697}.Debug|x86.ActiveCfg = Debug|x86
		{4FBB9DDC-6E2F-4092-A679-E4B6574E7697}.Debug|x86.Build.0 = Debug|x86
		{4FBB9DDC-6E2F-4092-A679-E4B6574E7697}.Release|Any CPU.ActiveCfg = Release|Any CPU
		{4FBB9DDC-6E2F-4092-A679-E4B6574E7697}.Release|Any CPU.Build.0 = Release|Any CPU
		{4FBB9DDC-6E2F-4092-A679-E4B6574E7697}.Release|Mixed Platforms.ActiveCfg = Release|Any CPU
		{4FBB9DDC-6E2F-4092-A679-E4B6574E7697}.Release|Mixed Platforms.Build.0 = Release|Any CPU
		{4FBB9DDC-6E2F-4092-A679-E4B6574E7697}.Release|x86.ActiveCfg = Release|x86
		{4FBB9DDC-6E2F-4092-A679-E4B6574E7697}.Release|x86.Build.0 = Release|x86
		{76D77D8B-01D4-48E2-896D-E5E9D217FDCA}.Debug|Any CPU.ActiveCfg = Debug|x86
		{76D77D8B-01D4-48E2-896D-E5E9D217FDCA}.Debug|Mixed Platforms.ActiveCfg = Debug|x86
		{76D77D8B-01D4-48E2-896D-E5E9D217FDCA}.Debug|Mixed Platforms.Build.0 = Debug|x86
		{76D77D8B-01D4-48E2-896D-E5E9D217FDCA}.Debug|x86.ActiveCfg = Debug|x86
		{76D77D8B-01D4-48E2-896D-E5E9D217FDCA}.Debug|x86.Build.0 = Debug|x86
		{76D77D8B-01D4-48E2-896D-E5E9D217FDCA}.Release|Any CPU.ActiveCfg = Debug|x86
		{76D77D8B-01D4-48E2-896D-E5E9D217FDCA}.Release|Mixed Platforms.ActiveCfg = Debug|x86
		{76D77D8B-01D4-48E2-896D-E5E9D217FDCA}.Release|Mixed Platforms.Build.0 = Debug|x86
		{76D77D8B-01D4-48E2-896D-E5E9D217FDCA}.Release|x86.ActiveCfg = Debug|x86
		{76D77D8B-01D4-48E2-896D-E5E9D217FDCA}.Release|x86.Build.0 = Debug|x86
		{C636A1C0-50BF-4224-AAD4-F2283C8F4558}.Debug|Any CPU.ActiveCfg = Debug|x86
		{C636A1C0-50BF-4224-AAD4-F2283C8F4558}.Debug|Mixed Platforms.ActiveCfg = Debug|x86
		{C636A1C0-50BF-4224-AAD4-F2283C8F4558}.Debug|Mixed Platforms.Build.0 = Debug|x86
		{C636A1C0-50BF-4224-AAD4-F2283C8F4558}.Debug|x86.ActiveCfg = Debug|x86
		{C636A1C0-50BF-4224-AAD4-F2283C8F4558}.Debug|x86.Build.0 = Debug|x86
		{C636A1C0-50BF-4224-AAD4-F2283C8F4558}.Release|Any CPU.ActiveCfg = Debug|x86
		{C636A1C0-50BF-4224-AAD4-F2283C8F4558}.Release|Mixed Platforms.ActiveCfg = Debug|x86
		{C636A1C0-50BF-4224-AAD4-F2283C8F4558}.Release|Mixed Platforms.Build.0 = Debug|x86
		{C636A1C0-50BF-4224-AAD4-F2283C8F4558}.Release|x86.ActiveCfg = Debug|x86
		{C636A1C0-50BF-4224-AAD4-F2283C8F4558}.Release|x86.Build.0 = Debug|x86
		{6F443870-9519-4B25-8C0A-2C3F7C4056CE}.Debug|Any CPU.ActiveCfg = Debug|x86
		{6F443870-9519-4B25-8C0A-2C3F7C4056CE}.Debug|Mixed Platforms.ActiveCfg = Debug|x86
		{6F443870-9519-4B25-8C0A-2C3F7C4056CE}.Debug|Mixed Platforms.Build.0 = Debug|x86
		{6F443870-9519-4B25-8C0A-2C3F7C4056CE}.Debug|x86.ActiveCfg = Debug|x86
		{6F443870-9519-4B25-8C0A-2C3F7C4056CE}.Debug|x86.Build.0 = Debug|x86
		{6F443870-9519-4B25-8C0A-2C3F7C4056CE}.Release|Any CPU.ActiveCfg = Debug|x86
		{6F443870-9519-4B25-8C0A-2C3F7C4056CE}.Release|Mixed Platforms.ActiveCfg = Debug|x86
		{6F443870-9519-4B25-8C0A-2C3F7C4056CE}.Release|Mixed Platforms.Build.0 = Debug|x86
		{6F443870-9519-4B25-8C0A-2C3F7C4056CE}.Release|x86.ActiveCfg = Debug|x86
		{6F443870-9519-4B25-8C0A-2C3F7C4056CE}.Release|x86.Build.0 = Debug|x86
	EndGlobalSection
	GlobalSection(SolutionProperties) = preSolution
		HideSolutionNode = FALSE
	EndGlobalSection
EndGlobal
