
Microsoft Visual Studio Solution File, Format Version 11.00
# Visual Studio 2010
Project("{FAE04EC0-301F-11D3-BF4B-00C04F79EFBC}") = "PluginSpaceport", "src\PluginSpaceport\PluginSpaceport.csproj", "{C93B6254-CDE3-4619-B386-29E1BF5E2BE5}"
EndProject
Project("{FAE04EC0-301F-11D3-BF4B-00C04F79EFBC}") = "PluginUpdater", "src\PluginUpdater\PluginUpdater.csproj", "{70D000A8-5011-4CCB-89D9-52F90B194E69}"
EndProject
Project("{FAE04EC0-301F-11D3-BF4B-00C04F79EFBC}") = "Installer", "src\Installer\Installer.csproj", "{F81EFCE4-C491-40C1-8E8C-27965BA89FB2}"
EndProject
Project("{FAE04EC0-301F-11D3-BF4B-00C04F79EFBC}") = "InstallerCore", "src\InstallerCore\InstallerCore.csproj", "{4FBB9DDC-6E2F-4092-A679-E4B6574E7697}"
EndProject
Project("{FAE04EC0-301F-11D3-BF4B-00C04F79EFBC}") = "PluginCommon", "src\PluginCommon\PluginCommon.csproj", "{E8893B9D-F4C3-4F3A-AE2F-FDB11FC2B6C3}"
EndProject
Project("{FAE04EC0-301F-11D3-BF4B-00C04F79EFBC}") = "FlashDevelop", "src\lib\FlashDevelop\FlashDevelop\FlashDevelop.csproj", "{EFD07485-9A64-4EEC-94E7-ACBD4DA5CA93}"
EndProject
Global
	GlobalSection(SolutionConfigurationPlatforms) = preSolution
		Debug|Any CPU = Debug|Any CPU
		Debug|Mixed Platforms = Debug|Mixed Platforms
		Debug|x86 = Debug|x86
		Release|Any CPU = Release|Any CPU
		Release|Mixed Platforms = Release|Mixed Platforms
		Release|x86 = Release|x86
	EndGlobalSection
	GlobalSection(ProjectConfigurationPlatforms) = postSolution
		{C93B6254-CDE3-4619-B386-29E1BF5E2BE5}.Debug|Any CPU.ActiveCfg = Debug|x86
		{C93B6254-CDE3-4619-B386-29E1BF5E2BE5}.Debug|Any CPU.Build.0 = Debug|x86
		{C93B6254-CDE3-4619-B386-29E1BF5E2BE5}.Debug|Mixed Platforms.ActiveCfg = Debug|x86
		{C93B6254-CDE3-4619-B386-29E1BF5E2BE5}.Debug|Mixed Platforms.Build.0 = Debug|x86
		{C93B6254-CDE3-4619-B386-29E1BF5E2BE5}.Debug|x86.ActiveCfg = Debug|x86
		{C93B6254-CDE3-4619-B386-29E1BF5E2BE5}.Debug|x86.Build.0 = Debug|x86
		{C93B6254-CDE3-4619-B386-29E1BF5E2BE5}.Release|Any CPU.ActiveCfg = Release|x86
		{C93B6254-CDE3-4619-B386-29E1BF5E2BE5}.Release|Mixed Platforms.ActiveCfg = Release|x86
		{C93B6254-CDE3-4619-B386-29E1BF5E2BE5}.Release|Mixed Platforms.Build.0 = Release|x86
		{C93B6254-CDE3-4619-B386-29E1BF5E2BE5}.Release|x86.ActiveCfg = Release|x86
		{C93B6254-CDE3-4619-B386-29E1BF5E2BE5}.Release|x86.Build.0 = Release|x86
		{70D000A8-5011-4CCB-89D9-52F90B194E69}.Debug|Any CPU.ActiveCfg = Debug|x86
		{70D000A8-5011-4CCB-89D9-52F90B194E69}.Debug|Any CPU.Build.0 = Debug|x86
		{70D000A8-5011-4CCB-89D9-52F90B194E69}.Debug|Mixed Platforms.ActiveCfg = Debug|Any CPU
		{70D000A8-5011-4CCB-89D9-52F90B194E69}.Debug|Mixed Platforms.Build.0 = Debug|Any CPU
		{70D000A8-5011-4CCB-89D9-52F90B194E69}.Debug|x86.ActiveCfg = Debug|x86
		{70D000A8-5011-4CCB-89D9-52F90B194E69}.Debug|x86.Build.0 = Debug|x86
		{70D000A8-5011-4CCB-89D9-52F90B194E69}.Release|Any CPU.ActiveCfg = Release|Any CPU
		{70D000A8-5011-4CCB-89D9-52F90B194E69}.Release|Any CPU.Build.0 = Release|Any CPU
		{70D000A8-5011-4CCB-89D9-52F90B194E69}.Release|Mixed Platforms.ActiveCfg = Release|Any CPU
		{70D000A8-5011-4CCB-89D9-52F90B194E69}.Release|Mixed Platforms.Build.0 = Release|Any CPU
		{70D000A8-5011-4CCB-89D9-52F90B194E69}.Release|x86.ActiveCfg = Release|Any CPU
		{F81EFCE4-C491-40C1-8E8C-27965BA89FB2}.Debug|Any CPU.ActiveCfg = Debug|x86
		{F81EFCE4-C491-40C1-8E8C-27965BA89FB2}.Debug|Any CPU.Build.0 = Debug|x86
		{F81EFCE4-C491-40C1-8E8C-27965BA89FB2}.Debug|Mixed Platforms.ActiveCfg = Debug|x86
		{F81EFCE4-C491-40C1-8E8C-27965BA89FB2}.Debug|Mixed Platforms.Build.0 = Debug|x86
		{F81EFCE4-C491-40C1-8E8C-27965BA89FB2}.Debug|x86.ActiveCfg = Debug|x86
		{F81EFCE4-C491-40C1-8E8C-27965BA89FB2}.Debug|x86.Build.0 = Debug|x86
		{F81EFCE4-C491-40C1-8E8C-27965BA89FB2}.Release|Any CPU.ActiveCfg = Release|x86
		{F81EFCE4-C491-40C1-8E8C-27965BA89FB2}.Release|Mixed Platforms.ActiveCfg = Release|x86
		{F81EFCE4-C491-40C1-8E8C-27965BA89FB2}.Release|Mixed Platforms.Build.0 = Release|x86
		{F81EFCE4-C491-40C1-8E8C-27965BA89FB2}.Release|x86.ActiveCfg = Release|x86
		{F81EFCE4-C491-40C1-8E8C-27965BA89FB2}.Release|x86.Build.0 = Release|x86
		{4FBB9DDC-6E2F-4092-A679-E4B6574E7697}.Debug|Any CPU.ActiveCfg = Debug|x86
		{4FBB9DDC-6E2F-4092-A679-E4B6574E7697}.Debug|Any CPU.Build.0 = Debug|x86
		{4FBB9DDC-6E2F-4092-A679-E4B6574E7697}.Debug|Mixed Platforms.ActiveCfg = Debug|Any CPU
		{4FBB9DDC-6E2F-4092-A679-E4B6574E7697}.Debug|Mixed Platforms.Build.0 = Debug|Any CPU
		{4FBB9DDC-6E2F-4092-A679-E4B6574E7697}.Debug|x86.ActiveCfg = Debug|x86
		{4FBB9DDC-6E2F-4092-A679-E4B6574E7697}.Debug|x86.Build.0 = Debug|x86
		{4FBB9DDC-6E2F-4092-A679-E4B6574E7697}.Release|Any CPU.ActiveCfg = Release|Any CPU
		{4FBB9DDC-6E2F-4092-A679-E4B6574E7697}.Release|Any CPU.Build.0 = Release|Any CPU
		{4FBB9DDC-6E2F-4092-A679-E4B6574E7697}.Release|Mixed Platforms.ActiveCfg = Release|Any CPU
		{4FBB9DDC-6E2F-4092-A679-E4B6574E7697}.Release|Mixed Platforms.Build.0 = Release|Any CPU
		{4FBB9DDC-6E2F-4092-A679-E4B6574E7697}.Release|x86.ActiveCfg = Release|Any CPU
		{E8893B9D-F4C3-4F3A-AE2F-FDB11FC2B6C3}.Debug|Any CPU.ActiveCfg = Debug|x86
		{E8893B9D-F4C3-4F3A-AE2F-FDB11FC2B6C3}.Debug|Any CPU.Build.0 = Debug|x86
		{E8893B9D-F4C3-4F3A-AE2F-FDB11FC2B6C3}.Debug|Mixed Platforms.ActiveCfg = Debug|Any CPU
		{E8893B9D-F4C3-4F3A-AE2F-FDB11FC2B6C3}.Debug|Mixed Platforms.Build.0 = Debug|Any CPU
		{E8893B9D-F4C3-4F3A-AE2F-FDB11FC2B6C3}.Debug|x86.ActiveCfg = Debug|x86
		{E8893B9D-F4C3-4F3A-AE2F-FDB11FC2B6C3}.Debug|x86.Build.0 = Debug|x86
		{E8893B9D-F4C3-4F3A-AE2F-FDB11FC2B6C3}.Release|Any CPU.ActiveCfg = Release|Any CPU
		{E8893B9D-F4C3-4F3A-AE2F-FDB11FC2B6C3}.Release|Any CPU.Build.0 = Release|Any CPU
		{E8893B9D-F4C3-4F3A-AE2F-FDB11FC2B6C3}.Release|Mixed Platforms.ActiveCfg = Release|Any CPU
		{E8893B9D-F4C3-4F3A-AE2F-FDB11FC2B6C3}.Release|Mixed Platforms.Build.0 = Release|Any CPU
		{E8893B9D-F4C3-4F3A-AE2F-FDB11FC2B6C3}.Release|x86.ActiveCfg = Release|Any CPU
		{EFD07485-9A64-4EEC-94E7-ACBD4DA5CA93}.Debug|Any CPU.ActiveCfg = Debug|x86
		{EFD07485-9A64-4EEC-94E7-ACBD4DA5CA93}.Debug|Mixed Platforms.ActiveCfg = Debug|x86
		{EFD07485-9A64-4EEC-94E7-ACBD4DA5CA93}.Debug|Mixed Platforms.Build.0 = Debug|x86
		{EFD07485-9A64-4EEC-94E7-ACBD4DA5CA93}.Debug|x86.ActiveCfg = Debug|x86
		{EFD07485-9A64-4EEC-94E7-ACBD4DA5CA93}.Release|Any CPU.ActiveCfg = Release|Any CPU
		{EFD07485-9A64-4EEC-94E7-ACBD4DA5CA93}.Release|Any CPU.Build.0 = Release|Any CPU
		{EFD07485-9A64-4EEC-94E7-ACBD4DA5CA93}.Release|Mixed Platforms.ActiveCfg = Release|x86
		{EFD07485-9A64-4EEC-94E7-ACBD4DA5CA93}.Release|Mixed Platforms.Build.0 = Release|x86
		{EFD07485-9A64-4EEC-94E7-ACBD4DA5CA93}.Release|x86.ActiveCfg = Release|x86
		{EFD07485-9A64-4EEC-94E7-ACBD4DA5CA93}.Release|x86.Build.0 = Release|x86
	EndGlobalSection
	GlobalSection(SolutionProperties) = preSolution
		HideSolutionNode = FALSE
	EndGlobalSection
EndGlobal
